// !$*UTF8*$!
{
	archiveVersion = 1;
	classes = {
	};
	objectVersion = 56;
	objects = {

/* Begin PBXBuildFile section */
		59C113142BB6B463006E4582 /* AppDelegate.swift in Sources */ = {isa = PBXBuildFile; fileRef = 59C113132BB6B463006E4582 /* AppDelegate.swift */; };
		59C113162BB6B463006E4582 /* SceneDelegate.swift in Sources */ = {isa = PBXBuildFile; fileRef = 59C113152BB6B463006E4582 /* SceneDelegate.swift */; };
		59C113182BB6B463006E4582 /* WatchItemsViewController.swift in Sources */ = {isa = PBXBuildFile; fileRef = 59C113172BB6B463006E4582 /* WatchItemsViewController.swift */; };
		59C1131D2BB6B465006E4582 /* Assets.xcassets in Resources */ = {isa = PBXBuildFile; fileRef = 59C1131C2BB6B465006E4582 /* Assets.xcassets */; };
		59C113202BB6B465006E4582 /* LaunchScreen.storyboard in Resources */ = {isa = PBXBuildFile; fileRef = 59C1131E2BB6B465006E4582 /* LaunchScreen.storyboard */; };
		59C1132D2BB6B597006E4582 /* NewsViewController.swift in Sources */ = {isa = PBXBuildFile; fileRef = 59C1132C2BB6B597006E4582 /* NewsViewController.swift */; };
		59C1132F2BB6B5D4006E4582 /* SearchResultsViewController.swift in Sources */ = {isa = PBXBuildFile; fileRef = 59C1132E2BB6B5D4006E4582 /* SearchResultsViewController.swift */; };
		59C113312BB6B5EC006E4582 /* StockDetailsViewController.swift in Sources */ = {isa = PBXBuildFile; fileRef = 59C113302BB6B5EC006E4582 /* StockDetailsViewController.swift */; };
		59C113332BB6B7B6006E4582 /* APIManager.swift in Sources */ = {isa = PBXBuildFile; fileRef = 59C113322BB6B7B6006E4582 /* APIManager.swift */; };
		59C113352BB6B7D1006E4582 /* PersistenseManager.swift in Sources */ = {isa = PBXBuildFile; fileRef = 59C113342BB6B7D1006E4582 /* PersistenseManager.swift */; };
		59C113392BB6B825006E4582 /* HapticsManager.swift in Sources */ = {isa = PBXBuildFile; fileRef = 59C113382BB6B825006E4582 /* HapticsManager.swift */; };
		59C1133B2BB6D65D006E4582 /* Extentions.swift in Sources */ = {isa = PBXBuildFile; fileRef = 59C1133A2BB6D65D006E4582 /* Extentions.swift */; };
		59C1133D2BB6DA16006E4582 /* SearchResultTableViewCell.swift in Sources */ = {isa = PBXBuildFile; fileRef = 59C1133C2BB6DA16006E4582 /* SearchResultTableViewCell.swift */; };
/* End PBXBuildFile section */

/* Begin PBXFileReference section */
		59C113102BB6B463006E4582 /* MyInvestments.app */ = {isa = PBXFileReference; explicitFileType = wrapper.application; includeInIndex = 0; path = MyInvestments.app; sourceTree = BUILT_PRODUCTS_DIR; };
		59C113132BB6B463006E4582 /* AppDelegate.swift */ = {isa = PBXFileReference; lastKnownFileType = sourcecode.swift; path = AppDelegate.swift; sourceTree = "<group>"; };
		59C113152BB6B463006E4582 /* SceneDelegate.swift */ = {isa = PBXFileReference; lastKnownFileType = sourcecode.swift; path = SceneDelegate.swift; sourceTree = "<group>"; };
		59C113172BB6B463006E4582 /* WatchItemsViewController.swift */ = {isa = PBXFileReference; lastKnownFileType = sourcecode.swift; path = WatchItemsViewController.swift; sourceTree = "<group>"; };
		59C1131C2BB6B465006E4582 /* Assets.xcassets */ = {isa = PBXFileReference; lastKnownFileType = folder.assetcatalog; path = Assets.xcassets; sourceTree = "<group>"; };
		59C1131F2BB6B465006E4582 /* Base */ = {isa = PBXFileReference; lastKnownFileType = file.storyboard; name = Base; path = Base.lproj/LaunchScreen.storyboard; sourceTree = "<group>"; };
		59C113212BB6B465006E4582 /* Info.plist */ = {isa = PBXFileReference; lastKnownFileType = text.plist.xml; path = Info.plist; sourceTree = "<group>"; };
		59C1132C2BB6B597006E4582 /* NewsViewController.swift */ = {isa = PBXFileReference; lastKnownFileType = sourcecode.swift; path = NewsViewController.swift; sourceTree = "<group>"; };
		59C1132E2BB6B5D4006E4582 /* SearchResultsViewController.swift */ = {isa = PBXFileReference; lastKnownFileType = sourcecode.swift; path = SearchResultsViewController.swift; sourceTree = "<group>"; };
		59C113302BB6B5EC006E4582 /* StockDetailsViewController.swift */ = {isa = PBXFileReference; lastKnownFileType = sourcecode.swift; path = StockDetailsViewController.swift; sourceTree = "<group>"; };
		59C113322BB6B7B6006E4582 /* APIManager.swift */ = {isa = PBXFileReference; lastKnownFileType = sourcecode.swift; path = APIManager.swift; sourceTree = "<group>"; };
		59C113342BB6B7D1006E4582 /* PersistenseManager.swift */ = {isa = PBXFileReference; lastKnownFileType = sourcecode.swift; path = PersistenseManager.swift; sourceTree = "<group>"; };
		59C113382BB6B825006E4582 /* HapticsManager.swift */ = {isa = PBXFileReference; lastKnownFileType = sourcecode.swift; path = HapticsManager.swift; sourceTree = "<group>"; };
		59C1133A2BB6D65D006E4582 /* Extentions.swift */ = {isa = PBXFileReference; lastKnownFileType = sourcecode.swift; path = Extentions.swift; sourceTree = "<group>"; };
		59C1133C2BB6DA16006E4582 /* SearchResultTableViewCell.swift */ = {isa = PBXFileReference; lastKnownFileType = sourcecode.swift; path = SearchResultTableViewCell.swift; sourceTree = "<group>"; };
/* End PBXFileReference section */

/* Begin PBXFrameworksBuildPhase section */
		59C1130D2BB6B463006E4582 /* Frameworks */ = {
			isa = PBXFrameworksBuildPhase;
			buildActionMask = 2147483647;
			files = (
			);
			runOnlyForDeploymentPostprocessing = 0;
		};
/* End PBXFrameworksBuildPhase section */

/* Begin PBXGroup section */
		59C113072BB6B463006E4582 = {
			isa = PBXGroup;
			children = (
				59C113122BB6B463006E4582 /* MyInvestments */,
				59C113112BB6B463006E4582 /* Products */,
			);
			sourceTree = "<group>";
		};
		59C113112BB6B463006E4582 /* Products */ = {
			isa = PBXGroup;
			children = (
				59C113102BB6B463006E4582 /* MyInvestments.app */,
			);
			name = Products;
			sourceTree = "<group>";
		};
		59C113122BB6B463006E4582 /* MyInvestments */ = {
			isa = PBXGroup;
			children = (
				59C1132B2BB6B4DF006E4582 /* Other */,
				59C1132A2BB6B4D5006E4582 /* Views */,
				59C113292BB6B4CE006E4582 /* Managers */,
				59C113282BB6B4B7006E4582 /* Controllers */,
				59C113272BB6B4AE006E4582 /* Models */,
				59C113212BB6B465006E4582 /* Info.plist */,
			);
			path = MyInvestments;
			sourceTree = "<group>";
		};
		59C113272BB6B4AE006E4582 /* Models */ = {
			isa = PBXGroup;
			children = (
			);
			path = Models;
			sourceTree = "<group>";
		};
		59C113282BB6B4B7006E4582 /* Controllers */ = {
			isa = PBXGroup;
			children = (
				59C1132C2BB6B597006E4582 /* NewsViewController.swift */,
				59C113172BB6B463006E4582 /* WatchItemsViewController.swift */,
				59C1132E2BB6B5D4006E4582 /* SearchResultsViewController.swift */,
				59C113302BB6B5EC006E4582 /* StockDetailsViewController.swift */,
			);
			path = Controllers;
			sourceTree = "<group>";
		};
		59C113292BB6B4CE006E4582 /* Managers */ = {
			isa = PBXGroup;
			children = (
				59C113322BB6B7B6006E4582 /* APIManager.swift */,
				59C113342BB6B7D1006E4582 /* PersistenseManager.swift */,
				59C113382BB6B825006E4582 /* HapticsManager.swift */,
			);
			path = Managers;
			sourceTree = "<group>";
		};
		59C1132A2BB6B4D5006E4582 /* Views */ = {
			isa = PBXGroup;
			children = (
				59C1131E2BB6B465006E4582 /* LaunchScreen.storyboard */,
				59C1133C2BB6DA16006E4582 /* SearchResultTableViewCell.swift */,
			);
			path = Views;
			sourceTree = "<group>";
		};
		59C1132B2BB6B4DF006E4582 /* Other */ = {
			isa = PBXGroup;
			children = (
				59C113132BB6B463006E4582 /* AppDelegate.swift */,
				59C113152BB6B463006E4582 /* SceneDelegate.swift */,
				59C1131C2BB6B465006E4582 /* Assets.xcassets */,
				59C1133A2BB6D65D006E4582 /* Extentions.swift */,
			);
			path = Other;
			sourceTree = "<group>";
		};
/* End PBXGroup section */

/* Begin PBXNativeTarget section */
		59C1130F2BB6B463006E4582 /* MyInvestments */ = {
			isa = PBXNativeTarget;
			buildConfigurationList = 59C113242BB6B465006E4582 /* Build configuration list for PBXNativeTarget "MyInvestments" */;
			buildPhases = (
				59C1130C2BB6B463006E4582 /* Sources */,
				59C1130D2BB6B463006E4582 /* Frameworks */,
				59C1130E2BB6B463006E4582 /* Resources */,
			);
			buildRules = (
			);
			dependencies = (
			);
			name = MyInvestments;
			productName = MyInvestments;
			productReference = 59C113102BB6B463006E4582 /* MyInvestments.app */;
			productType = "com.apple.product-type.application";
		};
/* End PBXNativeTarget section */

/* Begin PBXProject section */
		59C113082BB6B463006E4582 /* Project object */ = {
			isa = PBXProject;
			attributes = {
				BuildIndependentTargetsInParallel = 1;
				LastSwiftUpdateCheck = 1520;
				LastUpgradeCheck = 1520;
				TargetAttributes = {
					59C1130F2BB6B463006E4582 = {
						CreatedOnToolsVersion = 15.2;
					};
				};
			};
			buildConfigurationList = 59C1130B2BB6B463006E4582 /* Build configuration list for PBXProject "MyInvestments" */;
			compatibilityVersion = "Xcode 14.0";
			developmentRegion = en;
			hasScannedForEncodings = 0;
			knownRegions = (
				en,
				Base,
			);
			mainGroup = 59C113072BB6B463006E4582;
			productRefGroup = 59C113112BB6B463006E4582 /* Products */;
			projectDirPath = "";
			projectRoot = "";
			targets = (
				59C1130F2BB6B463006E4582 /* MyInvestments */,
			);
		};
/* End PBXProject section */

/* Begin PBXResourcesBuildPhase section */
		59C1130E2BB6B463006E4582 /* Resources */ = {
			isa = PBXResourcesBuildPhase;
			buildActionMask = 2147483647;
			files = (
				59C113202BB6B465006E4582 /* LaunchScreen.storyboard in Resources */,
				59C1131D2BB6B465006E4582 /* Assets.xcassets in Resources */,
			);
			runOnlyForDeploymentPostprocessing = 0;
		};
/* End PBXResourcesBuildPhase section */

/* Begin PBXSourcesBuildPhase section */
		59C1130C2BB6B463006E4582 /* Sources */ = {
			isa = PBXSourcesBuildPhase;
			buildActionMask = 2147483647;
			files = (
				59C113392BB6B825006E4582 /* HapticsManager.swift in Sources */,
				59C1133D2BB6DA16006E4582 /* SearchResultTableViewCell.swift in Sources */,
				59C113312BB6B5EC006E4582 /* StockDetailsViewController.swift in Sources */,
				59C1133B2BB6D65D006E4582 /* Extentions.swift in Sources */,
				59C113182BB6B463006E4582 /* WatchItemsViewController.swift in Sources */,
				59C113142BB6B463006E4582 /* AppDelegate.swift in Sources */,
				59C113352BB6B7D1006E4582 /* PersistenseManager.swift in Sources */,
				59C113162BB6B463006E4582 /* SceneDelegate.swift in Sources */,
				59C1132D2BB6B597006E4582 /* NewsViewController.swift in Sources */,
				59C1132F2BB6B5D4006E4582 /* SearchResultsViewController.swift in Sources */,
				59C113332BB6B7B6006E4582 /* APIManager.swift in Sources */,
			);
			runOnlyForDeploymentPostprocessing = 0;
		};
/* End PBXSourcesBuildPhase section */

/* Begin PBXVariantGroup section */
		59C1131E2BB6B465006E4582 /* LaunchScreen.storyboard */ = {
			isa = PBXVariantGroup;
			children = (
				59C1131F2BB6B465006E4582 /* Base */,
			);
			name = LaunchScreen.storyboard;
			sourceTree = "<group>";
		};
/* End PBXVariantGroup section */

/* Begin XCBuildConfiguration section */
		59C113222BB6B465006E4582 /* Debug */ = {
			isa = XCBuildConfiguration;
			buildSettings = {
				ALWAYS_SEARCH_USER_PATHS = NO;
				ASSETCATALOG_COMPILER_GENERATE_SWIFT_ASSET_SYMBOL_EXTENSIONS = YES;
				CLANG_ANALYZER_NONNULL = YES;
				CLANG_ANALYZER_NUMBER_OBJECT_CONVERSION = YES_AGGRESSIVE;
				CLANG_CXX_LANGUAGE_STANDARD = "gnu++20";
				CLANG_ENABLE_MODULES = YES;
				CLANG_ENABLE_OBJC_ARC = YES;
				CLANG_ENABLE_OBJC_WEAK = YES;
				CLANG_WARN_BLOCK_CAPTURE_AUTORELEASING = YES;
				CLANG_WARN_BOOL_CONVERSION = YES;
				CLANG_WARN_COMMA = YES;
				CLANG_WARN_CONSTANT_CONVERSION = YES;
				CLANG_WARN_DEPRECATED_OBJC_IMPLEMENTATIONS = YES;
				CLANG_WARN_DIRECT_OBJC_ISA_USAGE = YES_ERROR;
				CLANG_WARN_DOCUMENTATION_COMMENTS = YES;
				CLANG_WARN_EMPTY_BODY = YES;
				CLANG_WARN_ENUM_CONVERSION = YES;
				CLANG_WARN_INFINITE_RECURSION = YES;
				CLANG_WARN_INT_CONVERSION = YES;
				CLANG_WARN_NON_LITERAL_NULL_CONVERSION = YES;
				CLANG_WARN_OBJC_IMPLICIT_RETAIN_SELF = YES;
				CLANG_WARN_OBJC_LITERAL_CONVERSION = YES;
				CLANG_WARN_OBJC_ROOT_CLASS = YES_ERROR;
				CLANG_WARN_QUOTED_INCLUDE_IN_FRAMEWORK_HEADER = YES;
				CLANG_WARN_RANGE_LOOP_ANALYSIS = YES;
				CLANG_WARN_STRICT_PROTOTYPES = YES;
				CLANG_WARN_SUSPICIOUS_MOVE = YES;
				CLANG_WARN_UNGUARDED_AVAILABILITY = YES_AGGRESSIVE;
				CLANG_WARN_UNREACHABLE_CODE = YES;
				CLANG_WARN__DUPLICATE_METHOD_MATCH = YES;
				COPY_PHASE_STRIP = NO;
				DEBUG_INFORMATION_FORMAT = dwarf;
				ENABLE_STRICT_OBJC_MSGSEND = YES;
				ENABLE_TESTABILITY = YES;
				ENABLE_USER_SCRIPT_SANDBOXING = YES;
				GCC_C_LANGUAGE_STANDARD = gnu17;
				GCC_DYNAMIC_NO_PIC = NO;
				GCC_NO_COMMON_BLOCKS = YES;
				GCC_OPTIMIZATION_LEVEL = 0;
				GCC_PREPROCESSOR_DEFINITIONS = (
					"DEBUG=1",
					"$(inherited)",
				);
				GCC_WARN_64_TO_32_BIT_CONVERSION = YES;
				GCC_WARN_ABOUT_RETURN_TYPE = YES_ERROR;
				GCC_WARN_UNDECLARED_SELECTOR = YES;
				GCC_WARN_UNINITIALIZED_AUTOS = YES_AGGRESSIVE;
				GCC_WARN_UNUSED_FUNCTION = YES;
				GCC_WARN_UNUSED_VARIABLE = YES;
				IPHONEOS_DEPLOYMENT_TARGET = 17.2;
				LOCALIZATION_PREFERS_STRING_CATALOGS = YES;
				MTL_ENABLE_DEBUG_INFO = INCLUDE_SOURCE;
				MTL_FAST_MATH = YES;
				ONLY_ACTIVE_ARCH = YES;
				SDKROOT = iphoneos;
				SWIFT_ACTIVE_COMPILATION_CONDITIONS = "DEBUG $(inherited)";
				SWIFT_OPTIMIZATION_LEVEL = "-Onone";
			};
			name = Debug;
		};
		59C113232BB6B465006E4582 /* Release */ = {
			isa = XCBuildConfiguration;
			buildSettings = {
				ALWAYS_SEARCH_USER_PATHS = NO;
				ASSETCATALOG_COMPILER_GENERATE_SWIFT_ASSET_SYMBOL_EXTENSIONS = YES;
				CLANG_ANALYZER_NONNULL = YES;
				CLANG_ANALYZER_NUMBER_OBJECT_CONVERSION = YES_AGGRESSIVE;
				CLANG_CXX_LANGUAGE_STANDARD = "gnu++20";
				CLANG_ENABLE_MODULES = YES;
				CLANG_ENABLE_OBJC_ARC = YES;
				CLANG_ENABLE_OBJC_WEAK = YES;
				CLANG_WARN_BLOCK_CAPTURE_AUTORELEASING = YES;
				CLANG_WARN_BOOL_CONVERSION = YES;
				CLANG_WARN_COMMA = YES;
				CLANG_WARN_CONSTANT_CONVERSION = YES;
				CLANG_WARN_DEPRECATED_OBJC_IMPLEMENTATIONS = YES;
				CLANG_WARN_DIRECT_OBJC_ISA_USAGE = YES_ERROR;
				CLANG_WARN_DOCUMENTATION_COMMENTS = YES;
				CLANG_WARN_EMPTY_BODY = YES;
				CLANG_WARN_ENUM_CONVERSION = YES;
				CLANG_WARN_INFINITE_RECURSION = YES;
				CLANG_WARN_INT_CONVERSION = YES;
				CLANG_WARN_NON_LITERAL_NULL_CONVERSION = YES;
				CLANG_WARN_OBJC_IMPLICIT_RETAIN_SELF = YES;
				CLANG_WARN_OBJC_LITERAL_CONVERSION = YES;
				CLANG_WARN_OBJC_ROOT_CLASS = YES_ERROR;
				CLANG_WARN_QUOTED_INCLUDE_IN_FRAMEWORK_HEADER = YES;
				CLANG_WARN_RANGE_LOOP_ANALYSIS = YES;
				CLANG_WARN_STRICT_PROTOTYPES = YES;
				CLANG_WARN_SUSPICIOUS_MOVE = YES;
				CLANG_WARN_UNGUARDED_AVAILABILITY = YES_AGGRESSIVE;
				CLANG_WARN_UNREACHABLE_CODE = YES;
				CLANG_WARN__DUPLICATE_METHOD_MATCH = YES;
				COPY_PHASE_STRIP = NO;
				DEBUG_INFORMATION_FORMAT = "dwarf-with-dsym";
				ENABLE_NS_ASSERTIONS = NO;
				ENABLE_STRICT_OBJC_MSGSEND = YES;
				ENABLE_USER_SCRIPT_SANDBOXING = YES;
				GCC_C_LANGUAGE_STANDARD = gnu17;
				GCC_NO_COMMON_BLOCKS = YES;
				GCC_WARN_64_TO_32_BIT_CONVERSION = YES;
				GCC_WARN_ABOUT_RETURN_TYPE = YES_ERROR;
				GCC_WARN_UNDECLARED_SELECTOR = YES;
				GCC_WARN_UNINITIALIZED_AUTOS = YES_AGGRESSIVE;
				GCC_WARN_UNUSED_FUNCTION = YES;
				GCC_WARN_UNUSED_VARIABLE = YES;
				IPHONEOS_DEPLOYMENT_TARGET = 17.2;
				LOCALIZATION_PREFERS_STRING_CATALOGS = YES;
				MTL_ENABLE_DEBUG_INFO = NO;
				MTL_FAST_MATH = YES;
				SDKROOT = iphoneos;
				SWIFT_COMPILATION_MODE = wholemodule;
				VALIDATE_PRODUCT = YES;
			};
			name = Release;
		};
		59C113252BB6B465006E4582 /* Debug */ = {
			isa = XCBuildConfiguration;
			buildSettings = {
				ASSETCATALOG_COMPILER_APPICON_NAME = AppIcon;
				ASSETCATALOG_COMPILER_GLOBAL_ACCENT_COLOR_NAME = AccentColor;
				CODE_SIGN_STYLE = Automatic;
				CURRENT_PROJECT_VERSION = 1;
				GENERATE_INFOPLIST_FILE = YES;
				INFOPLIST_FILE = MyInvestments/Info.plist;
				INFOPLIST_KEY_UIApplicationSupportsIndirectInputEvents = YES;
				INFOPLIST_KEY_UILaunchStoryboardName = LaunchScreen;
				INFOPLIST_KEY_UISupportedInterfaceOrientations = UIInterfaceOrientationPortrait;
				INFOPLIST_KEY_UISupportedInterfaceOrientations_iPad = "UIInterfaceOrientationLandscapeLeft UIInterfaceOrientationLandscapeRight UIInterfaceOrientationPortrait UIInterfaceOrientationPortraitUpsideDown";
				IPHONEOS_DEPLOYMENT_TARGET = 14.1;
				LD_RUNPATH_SEARCH_PATHS = (
					"$(inherited)",
					"@executable_path/Frameworks",
				);
				MARKETING_VERSION = 1.0;
				PRODUCT_BUNDLE_IDENTIFIER = digitalix.MyInvestments;
				PRODUCT_NAME = "$(TARGET_NAME)";
				SUPPORTED_PLATFORMS = "iphoneos iphonesimulator";
				SUPPORTS_MACCATALYST = NO;
				SWIFT_EMIT_LOC_STRINGS = YES;
				SWIFT_VERSION = 5.0;
				TARGETED_DEVICE_FAMILY = 1;
			};
			name = Debug;
		};
		59C113262BB6B465006E4582 /* Release */ = {
			isa = XCBuildConfiguration;
			buildSettings = {
				ASSETCATALOG_COMPILER_APPICON_NAME = AppIcon;
				ASSETCATALOG_COMPILER_GLOBAL_ACCENT_COLOR_NAME = AccentColor;
				CODE_SIGN_STYLE = Automatic;
				CURRENT_PROJECT_VERSION = 1;
				GENERATE_INFOPLIST_FILE = YES;
				INFOPLIST_FILE = MyInvestments/Info.plist;
				INFOPLIST_KEY_UIApplicationSupportsIndirectInputEvents = YES;
				INFOPLIST_KEY_UILaunchStoryboardName = LaunchScreen;
				INFOPLIST_KEY_UISupportedInterfaceOrientations = UIInterfaceOrientationPortrait;
				INFOPLIST_KEY_UISupportedInterfaceOrientations_iPad = "UIInterfaceOrientationLandscapeLeft UIInterfaceOrientationLandscapeRight UIInterfaceOrientationPortrait UIInterfaceOrientationPortraitUpsideDown";
				IPHONEOS_DEPLOYMENT_TARGET = 14.1;
				LD_RUNPATH_SEARCH_PATHS = (
					"$(inherited)",
					"@executable_path/Frameworks",
				);
				MARKETING_VERSION = 1.0;
				PRODUCT_BUNDLE_IDENTIFIER = digitalix.MyInvestments;
				PRODUCT_NAME = "$(TARGET_NAME)";
				SUPPORTED_PLATFORMS = "iphoneos iphonesimulator";
				SUPPORTS_MACCATALYST = NO;
				SWIFT_EMIT_LOC_STRINGS = YES;
				SWIFT_VERSION = 5.0;
				TARGETED_DEVICE_FAMILY = 1;
			};
			name = Release;
		};
/* End XCBuildConfiguration section */

/* Begin XCConfigurationList section */
		59C1130B2BB6B463006E4582 /* Build configuration list for PBXProject "MyInvestments" */ = {
			isa = XCConfigurationList;
			buildConfigurations = (
				59C113222BB6B465006E4582 /* Debug */,
				59C113232BB6B465006E4582 /* Release */,
			);
			defaultConfigurationIsVisible = 0;
			defaultConfigurationName = Release;
		};
		59C113242BB6B465006E4582 /* Build configuration list for PBXNativeTarget "MyInvestments" */ = {
			isa = XCConfigurationList;
			buildConfigurations = (
				59C113252BB6B465006E4582 /* Debug */,
				59C113262BB6B465006E4582 /* Release */,
			);
			defaultConfigurationIsVisible = 0;
			defaultConfigurationName = Release;
		};
/* End XCConfigurationList section */
	};
	rootObject = 59C113082BB6B463006E4582 /* Project object */;
}
